// !$*UTF8*$!
{
	archiveVersion = 1;
	classes = {
	};
	objectVersion = 46;
	objects = {

/* Begin PBXBuildFile section */
		AC10226B1BD9C22700B7CB31 /* AppDelegate.swift in Sources */ = {isa = PBXBuildFile; fileRef = AC10226A1BD9C22700B7CB31 /* AppDelegate.swift */; };
		AC10226D1BD9C22800B7CB31 /* ViewController.swift in Sources */ = {isa = PBXBuildFile; fileRef = AC10226C1BD9C22800B7CB31 /* ViewController.swift */; };
		AC1022701BD9C22800B7CB31 /* Main.storyboard in Resources */ = {isa = PBXBuildFile; fileRef = AC10226E1BD9C22800B7CB31 /* Main.storyboard */; };
		AC1022721BD9C22900B7CB31 /* Images.xcassets in Resources */ = {isa = PBXBuildFile; fileRef = AC1022711BD9C22900B7CB31 /* Images.xcassets */; };
		AC1022751BD9C22900B7CB31 /* LaunchScreen.xib in Resources */ = {isa = PBXBuildFile; fileRef = AC1022731BD9C22900B7CB31 /* LaunchScreen.xib */; };
		AC1022811BD9C23900B7CB31 /* SimpleCalc2Tests.swift in Sources */ = {isa = PBXBuildFile; fileRef = AC1022801BD9C23900B7CB31 /* SimpleCalc2Tests.swift */; };
/* End PBXBuildFile section */

/* Begin PBXContainerItemProxy section */
		AC10227B1BD9C23800B7CB31 /* PBXContainerItemProxy */ = {
			isa = PBXContainerItemProxy;
			containerPortal = AC10225D1BD9C22200B7CB31 /* Project object */;
			proxyType = 1;
			remoteGlobalIDString = AC1022641BD9C22500B7CB31;
			remoteInfo = SimpleCalc2;
		};
/* End PBXContainerItemProxy section */

/* Begin PBXFileReference section */
		AC1022651BD9C22700B7CB31 /* SimpleCalc2.app */ = {isa = PBXFileReference; explicitFileType = wrapper.application; includeInIndex = 0; path = SimpleCalc2.app; sourceTree = BUILT_PRODUCTS_DIR; };
		AC1022691BD9C22700B7CB31 /* Info.plist */ = {isa = PBXFileReference; lastKnownFileType = text.plist.xml; path = Info.plist; sourceTree = "<group>"; };
		AC10226A1BD9C22700B7CB31 /* AppDelegate.swift */ = {isa = PBXFileReference; lastKnownFileType = sourcecode.swift; path = AppDelegate.swift; sourceTree = "<group>"; };
		AC10226C1BD9C22800B7CB31 /* ViewController.swift */ = {isa = PBXFileReference; lastKnownFileType = sourcecode.swift; path = ViewController.swift; sourceTree = "<group>"; };
		AC10226F1BD9C22800B7CB31 /* Base */ = {isa = PBXFileReference; lastKnownFileType = file.storyboard; name = Base; path = Base.lproj/Main.storyboard; sourceTree = "<group>"; };
		AC1022711BD9C22900B7CB31 /* Images.xcassets */ = {isa = PBXFileReference; lastKnownFileType = folder.assetcatalog; path = Images.xcassets; sourceTree = "<group>"; };
		AC1022741BD9C22900B7CB31 /* Base */ = {isa = PBXFileReference; lastKnownFileType = file.xib; name = Base; path = Base.lproj/LaunchScreen.xib; sourceTree = "<group>"; };
		AC10227A1BD9C23800B7CB31 /* SimpleCalc2Tests.xctest */ = {isa = PBXFileReference; explicitFileType = wrapper.cfbundle; includeInIndex = 0; path = SimpleCalc2Tests.xctest; sourceTree = BUILT_PRODUCTS_DIR; };
		AC10227F1BD9C23900B7CB31 /* Info.plist */ = {isa = PBXFileReference; lastKnownFileType = text.plist.xml; path = Info.plist; sourceTree = "<group>"; };
		AC1022801BD9C23900B7CB31 /* SimpleCalc2Tests.swift */ = {isa = PBXFileReference; lastKnownFileType = sourcecode.swift; path = SimpleCalc2Tests.swift; sourceTree = "<group>"; };
/* End PBXFileReference section */

/* Begin PBXFrameworksBuildPhase section */
		AC1022621BD9C22500B7CB31 /* Frameworks */ = {
			isa = PBXFrameworksBuildPhase;
			buildActionMask = 2147483647;
			files = (
			);
			runOnlyForDeploymentPostprocessing = 0;
		};
		AC1022771BD9C23700B7CB31 /* Frameworks */ = {
			isa = PBXFrameworksBuildPhase;
			buildActionMask = 2147483647;
			files = (
			);
			runOnlyForDeploymentPostprocessing = 0;
		};
/* End PBXFrameworksBuildPhase section */

/* Begin PBXGroup section */
		AC10225C1BD9C22000B7CB31 = {
			isa = PBXGroup;
			children = (
				AC1022671BD9C22700B7CB31 /* SimpleCalc2 */,
				AC10227D1BD9C23800B7CB31 /* SimpleCalc2Tests */,
				AC1022661BD9C22700B7CB31 /* Products */,
			);
			sourceTree = "<group>";
		};
		AC1022661BD9C22700B7CB31 /* Products */ = {
			isa = PBXGroup;
			children = (
				AC1022651BD9C22700B7CB31 /* SimpleCalc2.app */,
				AC10227A1BD9C23800B7CB31 /* SimpleCalc2Tests.xctest */,
			);
			name = Products;
			sourceTree = "<group>";
		};
		AC1022671BD9C22700B7CB31 /* SimpleCalc2 */ = {
			isa = PBXGroup;
			children = (
				AC10226A1BD9C22700B7CB31 /* AppDelegate.swift */,
				AC10226C1BD9C22800B7CB31 /* ViewController.swift */,
				AC10226E1BD9C22800B7CB31 /* Main.storyboard */,
				AC1022711BD9C22900B7CB31 /* Images.xcassets */,
				AC1022731BD9C22900B7CB31 /* LaunchScreen.xib */,
				AC1022681BD9C22700B7CB31 /* Supporting Files */,
			);
			path = SimpleCalc2;
			sourceTree = "<group>";
		};
		AC1022681BD9C22700B7CB31 /* Supporting Files */ = {
			isa = PBXGroup;
			children = (
				AC1022691BD9C22700B7CB31 /* Info.plist */,
			);
			name = "Supporting Files";
			sourceTree = "<group>";
		};
		AC10227D1BD9C23800B7CB31 /* SimpleCalc2Tests */ = {
			isa = PBXGroup;
			children = (
				AC1022801BD9C23900B7CB31 /* SimpleCalc2Tests.swift */,
				AC10227E1BD9C23900B7CB31 /* Supporting Files */,
			);
			path = SimpleCalc2Tests;
			sourceTree = "<group>";
		};
		AC10227E1BD9C23900B7CB31 /* Supporting Files */ = {
			isa = PBXGroup;
			children = (
				AC10227F1BD9C23900B7CB31 /* Info.plist */,
			);
			name = "Supporting Files";
			sourceTree = "<group>";
		};
/* End PBXGroup section */

/* Begin PBXNativeTarget section */
		AC1022641BD9C22500B7CB31 /* SimpleCalc2 */ = {
			isa = PBXNativeTarget;
			buildConfigurationList = AC1022841BD9C23A00B7CB31 /* Build configuration list for PBXNativeTarget "SimpleCalc2" */;
			buildPhases = (
				AC1022611BD9C22500B7CB31 /* Sources */,
				AC1022621BD9C22500B7CB31 /* Frameworks */,
				AC1022631BD9C22500B7CB31 /* Resources */,
			);
			buildRules = (
			);
			dependencies = (
			);
			name = SimpleCalc2;
			productName = SimpleCalc2;
			productReference = AC1022651BD9C22700B7CB31 /* SimpleCalc2.app */;
			productType = "com.apple.product-type.application";
		};
		AC1022791BD9C23700B7CB31 /* SimpleCalc2Tests */ = {
			isa = PBXNativeTarget;
			buildConfigurationList = AC1022871BD9C23A00B7CB31 /* Build configuration list for PBXNativeTarget "SimpleCalc2Tests" */;
			buildPhases = (
				AC1022761BD9C23700B7CB31 /* Sources */,
				AC1022771BD9C23700B7CB31 /* Frameworks */,
				AC1022781BD9C23700B7CB31 /* Resources */,
			);
			buildRules = (
			);
			dependencies = (
				AC10227C1BD9C23800B7CB31 /* PBXTargetDependency */,
			);
			name = SimpleCalc2Tests;
			productName = SimpleCalc2Tests;
			productReference = AC10227A1BD9C23800B7CB31 /* SimpleCalc2Tests.xctest */;
			productType = "com.apple.product-type.bundle.unit-test";
		};
/* End PBXNativeTarget section */

/* Begin PBXProject section */
		AC10225D1BD9C22200B7CB31 /* Project object */ = {
			isa = PBXProject;
			attributes = {
				LastUpgradeCheck = 0640;
				ORGANIZATIONNAME = "Vikram Thirumalai";
				TargetAttributes = {
					AC1022641BD9C22500B7CB31 = {
						CreatedOnToolsVersion = 6.4;
					};
					AC1022791BD9C23700B7CB31 = {
						CreatedOnToolsVersion = 6.4;
						TestTargetID = AC1022641BD9C22500B7CB31;
					};
				};
			};
			buildConfigurationList = AC1022601BD9C22400B7CB31 /* Build configuration list for PBXProject "SimpleCalc2" */;
			compatibilityVersion = "Xcode 3.2";
			developmentRegion = English;
			hasScannedForEncodings = 0;
			knownRegions = (
				en,
				Base,
			);
			mainGroup = AC10225C1BD9C22000B7CB31;
			productRefGroup = AC1022661BD9C22700B7CB31 /* Products */;
			projectDirPath = "";
			projectRoot = "";
			targets = (
				AC1022641BD9C22500B7CB31 /* SimpleCalc2 */,
				AC1022791BD9C23700B7CB31 /* SimpleCalc2Tests */,
			);
		};
/* End PBXProject section */

/* Begin PBXResourcesBuildPhase section */
		AC1022631BD9C22500B7CB31 /* Resources */ = {
			isa = PBXResourcesBuildPhase;
			buildActionMask = 2147483647;
			files = (
				AC1022701BD9C22800B7CB31 /* Main.storyboard in Resources */,
				AC1022751BD9C22900B7CB31 /* LaunchScreen.xib in Resources */,
				AC1022721BD9C22900B7CB31 /* Images.xcassets in Resources */,
			);
			runOnlyForDeploymentPostprocessing = 0;
		};
		AC1022781BD9C23700B7CB31 /* Resources */ = {
			isa = PBXResourcesBuildPhase;
			buildActionMask = 2147483647;
			files = (
			);
			runOnlyForDeploymentPostprocessing = 0;
		};
/* End PBXResourcesBuildPhase section */

/* Begin PBXSourcesBuildPhase section */
		AC1022611BD9C22500B7CB31 /* Sources */ = {
			isa = PBXSourcesBuildPhase;
			buildActionMask = 2147483647;
			files = (
				AC10226D1BD9C22800B7CB31 /* ViewController.swift in Sources */,
				AC10226B1BD9C22700B7CB31 /* AppDelegate.swift in Sources */,
			);
			runOnlyForDeploymentPostprocessing = 0;
		};
		AC1022761BD9C23700B7CB31 /* Sources */ = {
			isa = PBXSourcesBuildPhase;
			buildActionMask = 2147483647;
			files = (
				AC1022811BD9C23900B7CB31 /* SimpleCalc2Tests.swift in Sources */,
			);
			runOnlyForDeploymentPostprocessing = 0;
		};
/* End PBXSourcesBuildPhase section */

/* Begin PBXTargetDependency section */
		AC10227C1BD9C23800B7CB31 /* PBXTargetDependency */ = {
			isa = PBXTargetDependency;
			target = AC1022641BD9C22500B7CB31 /* SimpleCalc2 */;
			targetProxy = AC10227B1BD9C23800B7CB31 /* PBXContainerItemProxy */;
		};
/* End PBXTargetDependency section */

/* Begin PBXVariantGroup section */
		AC10226E1BD9C22800B7CB31 /* Main.storyboard */ = {
			isa = PBXVariantGroup;
			children = (
				AC10226F1BD9C22800B7CB31 /* Base */,
			);
			name = Main.storyboard;
			sourceTree = "<group>";
		};
		AC1022731BD9C22900B7CB31 /* LaunchScreen.xib */ = {
			isa = PBXVariantGroup;
			children = (
				AC1022741BD9C22900B7CB31 /* Base */,
			);
			name = LaunchScreen.xib;
			sourceTree = "<group>";
		};
/* End PBXVariantGroup section */

/* Begin XCBuildConfiguration section */
		AC1022821BD9C23A00B7CB31 /* Debug */ = {
			isa = XCBuildConfiguration;
			buildSettings = {
				ALWAYS_SEARCH_USER_PATHS = NO;
				CLANG_CXX_LANGUAGE_STANDARD = "gnu++0x";
				CLANG_CXX_LIBRARY = "libc++";
				CLANG_ENABLE_MODULES = YES;
				CLANG_ENABLE_OBJC_ARC = YES;
				CLANG_WARN_BOOL_CONVERSION = YES;
				CLANG_WARN_CONSTANT_CONVERSION = YES;
				CLANG_WARN_DIRECT_OBJC_ISA_USAGE = YES_ERROR;
				CLANG_WARN_EMPTY_BODY = YES;
				CLANG_WARN_ENUM_CONVERSION = YES;
				CLANG_WARN_INT_CONVERSION = YES;
				CLANG_WARN_OBJC_ROOT_CLASS = YES_ERROR;
				CLANG_WARN_UNREACHABLE_CODE = YES;
				CLANG_WARN__DUPLICATE_METHOD_MATCH = YES;
				"CODE_SIGN_IDENTITY[sdk=iphoneos*]" = "iPhone Developer";
				COPY_PHASE_STRIP = NO;
				DEBUG_INFORMATION_FORMAT = "dwarf-with-dsym";
				ENABLE_STRICT_OBJC_MSGSEND = YES;
				GCC_C_LANGUAGE_STANDARD = gnu99;
				GCC_DYNAMIC_NO_PIC = NO;
				GCC_NO_COMMON_BLOCKS = YES;
				GCC_OPTIMIZATION_LEVEL = 0;
				GCC_PREPROCESSOR_DEFINITIONS = (
					"DEBUG=1",
					"$(inherited)",
				);
				GCC_SYMBOLS_PRIVATE_EXTERN = NO;
				GCC_WARN_64_TO_32_BIT_CONVERSION = YES;
				GCC_WARN_ABOUT_RETURN_TYPE = YES_ERROR;
				GCC_WARN_UNDECLARED_SELECTOR = YES;
				GCC_WARN_UNINITIALIZED_AUTOS = YES_AGGRESSIVE;
				GCC_WARN_UNUSED_FUNCTION = YES;
				GCC_WARN_UNUSED_VARIABLE = YES;
				IPHONEOS_DEPLOYMENT_TARGET = 8.4;
				MTL_ENABLE_DEBUG_INFO = YES;
				ONLY_ACTIVE_ARCH = YES;
				SDKROOT = iphoneos;
				SWIFT_OPTIMIZATION_LEVEL = "-Onone";
				TARGETED_DEVICE_FAMILY = "1,2";
			};
			name = Debug;
		};
		AC1022831BD9C23A00B7CB31 /* Release */ = {
			isa = XCBuildConfiguration;
			buildSettings = {
				ALWAYS_SEARCH_USER_PATHS = NO;
				CLANG_CXX_LANGUAGE_STANDARD = "gnu++0x";
				CLANG_CXX_LIBRARY = "libc++";
				CLANG_ENABLE_MODULES = YES;
				CLANG_ENABLE_OBJC_ARC = YES;
				CLANG_WARN_BOOL_CONVERSION = YES;
				CLANG_WARN_CONSTANT_CONVERSION = YES;
				CLANG_WARN_DIRECT_OBJC_ISA_USAGE = YES_ERROR;
				CLANG_WARN_EMPTY_BODY = YES;
				CLANG_WARN_ENUM_CONVERSION = YES;
				CLANG_WARN_INT_CONVERSION = YES;
				CLANG_WARN_OBJC_ROOT_CLASS = YES_ERROR;
				CLANG_WARN_UNREACHABLE_CODE = YES;
				CLANG_WARN__DUPLICATE_METHOD_MATCH = YES;
				"CODE_SIGN_IDENTITY[sdk=iphoneos*]" = "iPhone Developer";
				COPY_PHASE_STRIP = NO;
				DEBUG_INFORMATION_FORMAT = "dwarf-with-dsym";
				ENABLE_NS_ASSERTIONS = NO;
				ENABLE_STRICT_OBJC_MSGSEND = YES;
				GCC_C_LANGUAGE_STANDARD = gnu99;
				GCC_NO_COMMON_BLOCKS = YES;
				GCC_WARN_64_TO_32_BIT_CONVERSION = YES;
				GCC_WARN_ABOUT_RETURN_TYPE = YES_ERROR;
				GCC_WARN_UNDECLARED_SELECTOR = YES;
				GCC_WARN_UNINITIALIZED_AUTOS = YES_AGGRESSIVE;
				GCC_WARN_UNUSED_FUNCTION = YES;
				GCC_WARN_UNUSED_VARIABLE = YES;
				IPHONEOS_DEPLOYMENT_TARGET = 8.4;
				MTL_ENABLE_DEBUG_INFO = NO;
				SDKROOT = iphoneos;
				TARGETED_DEVICE_FAMILY = "1,2";
				VALIDATE_PRODUCT = YES;
			};
			name = Release;
		};
		AC1022851BD9C23A00B7CB31 /* Debug */ = {
			isa = XCBuildConfiguration;
			buildSettings = {
				ASSETCATALOG_COMPILER_APPICON_NAME = AppIcon;
				INFOPLIST_FILE = SimpleCalc2/Info.plist;
				LD_RUNPATH_SEARCH_PATHS = "$(inherited) @executable_path/Frameworks";
				PRODUCT_NAME = "$(TARGET_NAME)";
			};
			name = Debug;
		};
		AC1022861BD9C23A00B7CB31 /* Release */ = {
			isa = XCBuildConfiguration;
			buildSettings = {
				ASSETCATALOG_COMPILER_APPICON_NAME = AppIcon;
				INFOPLIST_FILE = SimpleCalc2/Info.plist;
				LD_RUNPATH_SEARCH_PATHS = "$(inherited) @executable_path/Frameworks";
				PRODUCT_NAME = "$(TARGET_NAME)";
			};
			name = Release;
		};
		AC1022881BD9C23A00B7CB31 /* Debug */ = {
			isa = XCBuildConfiguration;
			buildSettings = {
				BUNDLE_LOADER = "$(TEST_HOST)";
				FRAMEWORK_SEARCH_PATHS = (
					"$(SDKROOT)/Developer/Library/Frameworks",
					"$(inherited)",
				);
				GCC_PREPROCESSOR_DEFINITIONS = (
					"DEBUG=1",
					"$(inherited)",
				);
				INFOPLIST_FILE = SimpleCalc2Tests/Info.plist;
				LD_RUNPATH_SEARCH_PATHS = "$(inherited) @executable_path/Frameworks @loader_path/Frameworks";
				PRODUCT_NAME = "$(TARGET_NAME)";
				TEST_HOST = "$(BUILT_PRODUCTS_DIR)/SimpleCalc2.app/SimpleCalc2";
			};
			name = Debug;
		};
		AC1022891BD9C23A00B7CB31 /* Release */ = {
			isa = XCBuildConfiguration;
			buildSettings = {
				BUNDLE_LOADER = "$(TEST_HOST)";
				FRAMEWORK_SEARCH_PATHS = (
					"$(SDKROOT)/Developer/Library/Frameworks",
					"$(inherited)",
				);
				INFOPLIST_FILE = SimpleCalc2Tests/Info.plist;
				LD_RUNPATH_SEARCH_PATHS = "$(inherited) @executable_path/Frameworks @loader_path/Frameworks";
				PRODUCT_NAME = "$(TARGET_NAME)";
				TEST_HOST = "$(BUILT_PRODUCTS_DIR)/SimpleCalc2.app/SimpleCalc2";
			};
			name = Release;
		};
/* End XCBuildConfiguration section */

/* Begin XCConfigurationList section */
		AC1022601BD9C22400B7CB31 /* Build configuration list for PBXProject "SimpleCalc2" */ = {
			isa = XCConfigurationList;
			buildConfigurations = (
				AC1022821BD9C23A00B7CB31 /* Debug */,
				AC1022831BD9C23A00B7CB31 /* Release */,
			);
			defaultConfigurationIsVisible = 0;
			defaultConfigurationName = Release;
		};
		AC1022841BD9C23A00B7CB31 /* Build configuration list for PBXNativeTarget "SimpleCalc2" */ = {
			isa = XCConfigurationList;
			buildConfigurations = (
				AC1022851BD9C23A00B7CB31 /* Debug */,
				AC1022861BD9C23A00B7CB31 /* Release */,
			);
			defaultConfigurationIsVisible = 0;
		};
		AC1022871BD9C23A00B7CB31 /* Build configuration list for PBXNativeTarget "SimpleCalc2Tests" */ = {
			isa = XCConfigurationList;
			buildConfigurations = (
				AC1022881BD9C23A00B7CB31 /* Debug */,
				AC1022891BD9C23A00B7CB31 /* Release */,
			);
			defaultConfigurationIsVisible = 0;
		};
/* End XCConfigurationList section */
	};
	rootObject = AC10225D1BD9C22200B7CB31 /* Project object */;
}
